
Microsoft Visual Studio Solution File, Format Version 12.00
# Visual Studio Version 17
VisualStudioVersion = 17.3.32901.215
MinimumVisualStudioVersion = 10.0.40219.1
Project("{9A19103F-16F7-4668-BE54-9A1E7A4F7556}") = "SUPER_DUPER_MEGA_BOT", "SUPER_DUPER_MEGA_BOT\SUPER_DUPER_MEGA_BOT.csproj", "{4A98DFCD-4D15-4B03-B2AD-763CC028593E}"
EndProject
Project("{E53339B2-1760-4266-BCC7-CA923CBCF16C}") = "docker-compose", "docker-compose.dcproj", "{2BC55EE6-AEEC-41AF-87D9-3744D4271DF3}"
EndProject
Global
	GlobalSection(SolutionConfigurationPlatforms) = preSolution
		Debug|Any CPU = Debug|Any CPU
		Release|Any CPU = Release|Any CPU
	EndGlobalSection
	GlobalSection(ProjectConfigurationPlatforms) = postSolution
		{4A98DFCD-4D15-4B03-B2AD-763CC028593E}.Debug|Any CPU.ActiveCfg = Debug|Any CPU
		{4A98DFCD-4D15-4B03-B2AD-763CC028593E}.Debug|Any CPU.Build.0 = Debug|Any CPU
		{4A98DFCD-4D15-4B03-B2AD-763CC028593E}.Release|Any CPU.ActiveCfg = Release|Any CPU
		{4A98DFCD-4D15-4B03-B2AD-763CC028593E}.Release|Any CPU.Build.0 = Release|Any CPU
		{2BC55EE6-AEEC-41AF-87D9-3744D4271DF3}.Debug|Any CPU.ActiveCfg = Debug|Any CPU
		{2BC55EE6-AEEC-41AF-87D9-3744D4271DF3}.Debug|Any CPU.Build.0 = Debug|Any CPU
		{2BC55EE6-AEEC-41AF-87D9-3744D4271DF3}.Release|Any CPU.ActiveCfg = Release|Any CPU
		{2BC55EE6-AEEC-41AF-87D9-3744D4271DF3}.Release|Any CPU.Build.0 = Release|Any CPU
	EndGlobalSection
	GlobalSection(SolutionProperties) = preSolution
		HideSolutionNode = FALSE
	EndGlobalSection
	GlobalSection(ExtensibilityGlobals) = postSolution
		SolutionGuid = {0688FB95-65E7-44A6-9A01-89FF7DD9D87F}
	EndGlobalSection
EndGlobal
